<?xml version="1.0" encoding="utf-8"?>
<Project ToolsVersion="4.0" xmlns="http://schemas.microsoft.com/developer/msbuild/2003">
  <ItemGroup>
    <ClCompile Include="CustomizeFfmpegIo.cpp" />
    <ClCompile Include="decodeVideoToPicture.cpp" />
    <ClCompile Include="DolbyAudio.cpp" />
    <ClCompile Include="DynamicFunction.cpp" />
    <ClCompile Include="Eac3Parser.cpp" />
    <ClCompile Include="FFmpegReadFile.cpp" />
    <ClCompile Include="FileFragment.cpp" />
    <ClCompile Include="FileMemoryCheck.cpp" />
    <ClCompile Include="Mpegts.cpp" />
    <ClCompile Include="OutputSource.cpp" />
    <ClCompile Include="stdafx.cpp" />
  </ItemGroup>
  <ItemGroup>
    <ClInclude Include="decodeVideoToPicture.h" />
    <ClInclude Include="DolbyAudio.h" />
    <ClInclude Include="DynamicFunction.h" />
    <ClInclude Include="Eac3Parser.h" />
    <ClInclude Include="FFmpegReadFile.h" />
    <ClInclude Include="FileFragment.h" />
    <ClInclude Include="FileMemoryCheck.h" />
    <ClInclude Include="Mpegts.h" />
    <ClInclude Include="OutputSource.h" />
    <ClInclude Include="stdafx.h" />
    <ClInclude Include="targetver.h" />
  </ItemGroup>
  <ItemGroup>
    <None Include="ReadMe.txt" />
    <None Include="ClassDiagram1.cd" />
  </ItemGroup>
</Project>